
Microsoft Visual Studio Solution File, Format Version 12.00
# Visual Studio 14
VisualStudioVersion = 14.0.25420.1
MinimumVisualStudioVersion = 10.0.40219.1
Project("{FAE04EC0-301F-11D3-BF4B-00C04F79EFBC}") = "MyRevit", "MyRevit\MyRevit.csproj", "{DF9420FF-6ACF-423B-A5CF-70FFEFD071B2}"
EndProject
Project("{FAE04EC0-301F-11D3-BF4B-00C04F79EFBC}") = "MyRevitConsole", "MyRevitConsole\MyRevitConsole.csproj", "{45CF4DB3-E131-4B6F-8DE1-3B705011F59B}"
EndProject
Project("{FAE04EC0-301F-11D3-BF4B-00C04F79EFBC}") = "MouseHook", "MouseHook\MouseHook.csproj", "{12D86826-5CB0-4483-B332-7A648CF20477}"
EndProject
Project("{FAE04EC0-301F-11D3-BF4B-00C04F79EFBC}") = "VL.Library", "VL.Library\VL.Library.csproj", "{34F895A5-F137-4FFD-9530-3D9B7E8E60B3}"
EndProject
Global
	GlobalSection(SolutionConfigurationPlatforms) = preSolution
		Debug|Any CPU = Debug|Any CPU
		Release|Any CPU = Release|Any CPU
	EndGlobalSection
	GlobalSection(ProjectConfigurationPlatforms) = postSolution
		{DF9420FF-6ACF-423B-A5CF-70FFEFD071B2}.Debug|Any CPU.ActiveCfg = Debug|Any CPU
		{DF9420FF-6ACF-423B-A5CF-70FFEFD071B2}.Debug|Any CPU.Build.0 = Debug|Any CPU
		{DF9420FF-6ACF-423B-A5CF-70FFEFD071B2}.Release|Any CPU.ActiveCfg = Release|Any CPU
		{DF9420FF-6ACF-423B-A5CF-70FFEFD071B2}.Release|Any CPU.Build.0 = Release|Any CPU
		{45CF4DB3-E131-4B6F-8DE1-3B705011F59B}.Debug|Any CPU.ActiveCfg = Debug|Any CPU
		{45CF4DB3-E131-4B6F-8DE1-3B705011F59B}.Debug|Any CPU.Build.0 = Debug|Any CPU
		{45CF4DB3-E131-4B6F-8DE1-3B705011F59B}.Release|Any CPU.ActiveCfg = Release|Any CPU
		{45CF4DB3-E131-4B6F-8DE1-3B705011F59B}.Release|Any CPU.Build.0 = Release|Any CPU
		{12D86826-5CB0-4483-B332-7A648CF20477}.Debug|Any CPU.ActiveCfg = Debug|Any CPU
		{12D86826-5CB0-4483-B332-7A648CF20477}.Debug|Any CPU.Build.0 = Debug|Any CPU
		{12D86826-5CB0-4483-B332-7A648CF20477}.Release|Any CPU.ActiveCfg = Release|Any CPU
		{12D86826-5CB0-4483-B332-7A648CF20477}.Release|Any CPU.Build.0 = Release|Any CPU
		{34F895A5-F137-4FFD-9530-3D9B7E8E60B3}.Debug|Any CPU.ActiveCfg = Debug|Any CPU
		{34F895A5-F137-4FFD-9530-3D9B7E8E60B3}.Debug|Any CPU.Build.0 = Debug|Any CPU
		{34F895A5-F137-4FFD-9530-3D9B7E8E60B3}.Release|Any CPU.ActiveCfg = Release|Any CPU
		{34F895A5-F137-4FFD-9530-3D9B7E8E60B3}.Release|Any CPU.Build.0 = Release|Any CPU
	EndGlobalSection
	GlobalSection(SolutionProperties) = preSolution
		HideSolutionNode = FALSE
	EndGlobalSection
EndGlobal
